{
    "version": 3,
    "terraform_version": "0.11.7",
    "serial": 19,
    "lineage": "5b9d7463-875d-0e68-26a3-55990bcefe4d",
    "modules": [
        {
            "path": [
                "root"
            ],
            "outputs": {},
            "resources": {
                "aws_dynamodb_table.terraform_statelock_root": {
                    "type": "aws_dynamodb_table",
                    "depends_on": [],
                    "primary": {
                        "id": "root",
                        "attributes": {
                            "arn": "arn:aws:dynamodb:us-west-2:813574615989:table/root",
                            "attribute.#": "1",
                            "attribute.2068930648.name": "LockID",
                            "attribute.2068930648.type": "S",
                            "global_secondary_index.#": "0",
                            "hash_key": "LockID",
                            "id": "root",
                            "local_secondary_index.#": "0",
                            "name": "root",
                            "read_capacity": "1",
                            "server_side_encryption.#": "0",
                            "stream_arn": "",
                            "stream_enabled": "false",
                            "stream_label": "",
                            "stream_view_type": "",
                            "tags.%": "1",
                            "tags.terraform": "true",
                            "ttl.#": "0",
                            "write_capacity": "1"
                        },
                        "meta": {
                            "e2bfb730-ecaa-11e6-8f88-34363bc7c4c0": {
                                "create": 600000000000,
                                "delete": 600000000000,
                                "update": 600000000000
                            },
                            "schema_version": "1"
                        },
                        "tainted": false
                    },
                    "deposed": [],
                    "provider": "provider.aws"
                },
                "aws_iam_group.admins": {
                    "type": "aws_iam_group",
                    "depends_on": [],
                    "primary": {
                        "id": "Admins",
                        "attributes": {
                            "arn": "arn:aws:iam::133430444242:group/Admins",
                            "id": "Admins",
                            "name": "Admins",
                            "path": "/",
                            "unique_id": "AGPAJ6TRGEQAYPIJPH4CG"
                        },
                        "meta": {},
                        "tainted": false
                    },
                    "deposed": [],
                    "provider": "provider.aws.users_root"
                },
                "aws_iam_policy.admin_to_admin": {
                    "type": "aws_iam_policy",
                    "depends_on": [
                        "data.aws_iam_policy_document.admin_to_admin"
                    ],
                    "primary": {
                        "id": "arn:aws:iam::133430444242:policy/AdminToAdmin",
                        "attributes": {
                            "arn": "arn:aws:iam::133430444242:policy/AdminToAdmin",
                            "description": "A test policy",
                            "id": "arn:aws:iam::133430444242:policy/AdminToAdmin",
                            "name": "AdminToAdmin",
                            "path": "/",
                            "policy": "{\n  \"Version\": \"2012-10-17\",\n  \"Statement\": [\n    {\n      \"Sid\": \"\",\n      \"Effect\": \"Allow\",\n      \"Action\": \"sts:AssumeRole\",\n      \"Resource\": [\n        \"arn:aws:iam::662903516389:role/UsersAdminRole\",\n        \"arn:aws:iam::200247690167:role/UsersAdminRole\",\n        \"arn:aws:iam::075487493871:role/UsersAdminRole\"\n      ]\n    },\n    {\n      \"Sid\": \"\",\n      \"Effect\": \"Allow\",\n      \"Action\": [\n        \"iam:UploadSigningCertificate\",\n        \"iam:UploadSSHPublicKey\",\n        \"iam:UpdateSigningCertificate\",\n        \"iam:UpdateSSHPublicKey\",\n        \"iam:UpdateLoginProfile\",\n        \"iam:UpdateAccessKey\",\n        \"iam:ListSigningCertificates\",\n        \"iam:ListSSHPublicKeys\",\n        \"iam:ListAccessKeys\",\n        \"iam:GetSSHPublicKey\",\n        \"iam:GetLoginProfile\",\n        \"iam:DeleteSigningCertificate\",\n        \"iam:DeleteSSHPublicKey\",\n        \"iam:DeleteLoginProfile\",\n        \"iam:DeleteAccessKey\",\n        \"iam:CreateLoginProfile\",\n        \"iam:CreateAccessKey\",\n        \"iam:ChangePassword\"\n      ],\n      \"Resource\": \"arn:aws:iam::133430444242:user/${aws:username}\"\n    }\n  ]\n}"
                        },
                        "meta": {},
                        "tainted": false
                    },
                    "deposed": [],
                    "provider": "provider.aws.users_root"
                },
                "aws_iam_policy_attachment.attach_admin_to_admin": {
                    "type": "aws_iam_policy_attachment",
                    "depends_on": [
                        "aws_iam_group.admins",
                        "aws_iam_policy.admin_to_admin"
                    ],
                    "primary": {
                        "id": "AdminToAdmin",
                        "attributes": {
                            "groups.#": "1",
                            "groups.2773225529": "Admins",
                            "id": "AdminToAdmin",
                            "name": "AdminToAdmin",
                            "policy_arn": "arn:aws:iam::133430444242:policy/AdminToAdmin",
                            "roles.#": "0",
                            "users.#": "0"
                        },
                        "meta": {},
                        "tainted": false
                    },
                    "deposed": [],
                    "provider": "provider.aws.users_root"
                },
                "aws_iam_saml_provider.default": {
                    "type": "aws_iam_saml_provider",
                    "depends_on": [],
                    "primary": {
                        "id": "arn:aws:iam::133430444242:saml-provider/auth9",
                        "attributes": {
                            "arn": "arn:aws:iam::133430444242:saml-provider/auth9",
                            "id": "arn:aws:iam::133430444242:saml-provider/auth9",
                            "name": "auth9",
                            "saml_metadata_document": "\u003cEntityDescriptor entityID=\"urn:voidfiles.auth0.com\" xmlns=\"urn:oasis:names:tc:SAML:2.0:metadata\"\u003e\n  \u003cIDPSSODescriptor protocolSupportEnumeration=\"urn:oasis:names:tc:SAML:2.0:protocol\"\u003e\n    \u003cKeyDescriptor use=\"signing\"\u003e\n      \u003cKeyInfo xmlns=\"http://www.w3.org/2000/09/xmldsig#\"\u003e\n        \u003cX509Data\u003e\n          \u003cX509Certificate\u003eMIIDATCCAemgAwIBAgIJEE7IMZE9WLrLMA0GCSqGSIb3DQEBCwUAMB4xHDAaBgNVBAMTE3ZvaWRmaWxlcy5hdXRoMC5jb20wHhcNMTgwNDI4MjM0MDAyWhcNMzIwMTA1MjM0MDAyWjAeMRwwGgYDVQQDExN2b2lkZmlsZXMuYXV0aDAuY29tMIIBIjANBgkqhkiG9w0BAQEFAAOCAQ8AMIIBCgKCAQEArEorw3+qX/Zi3XuvB3w/US47QsG0VjpOnSvb+uSmPeAIY8p8SAfMaoV3XKg89yiohNcUR0MEFBSNr42JZ5lzB1BhIGnDxJd9tExj0wXZCQfq5m1AZCL67DNogRKfrDg0MyVtfplfmVEuqbowLV7JEjyQ+jhtzc4iB52HCkIky64ObYhFkSHQUo8mUwnvduxxq//N3rFcsPbKKb6yAGRTOhap94xGrLIR37IRrWEgZCNZFArSaiSd9N2dA88YDmojvP+U/LNIkXu/kjpf4E+ZvI5nOR9Vr3Lhs3kRTiT51zg+zj7rm9x+OgEjG6T84SDzMh2d48rTRel/WAnbcZ/k0QIDAQABo0IwQDAPBgNVHRMBAf8EBTADAQH/MB0GA1UdDgQWBBRbsAvVTzUMD4klr4CoSrgx4N0awzAOBgNVHQ8BAf8EBAMCAoQwDQYJKoZIhvcNAQELBQADggEBAGHdnRTogin2OPKmkl95PAQ29ul+xapVLaH7tExoXD9DCPj4QYU1epGajDxkfirZKNNeR2dnB5FZ6Z6SayMSUYvJsXFUOMjzrq0flTOZX023im2Z8s4L5ShKV0b291YBR41QF7T9gq2DsTyodK68pYt/by+zgJWHDCfZzeSweiIPkT7ZXcL7vK6+RlXJNK9l5kRWLp7frQsp5y9I9P4XpdyEXEK8d7/eOvui/qZcuiA/IhJSnHnGMvHhXBsA3U/U/1op5LF6HxwVAbGE+QtVlt6tm7pd600hnKX5f8zpJ1VJdahJ8Si5NycAWZ6jnUtgtGQnOGznq7mFT7JqGplRcuc=\u003c/X509Certificate\u003e\n        \u003c/X509Data\u003e\n      \u003c/KeyInfo\u003e\n    \u003c/KeyDescriptor\u003e\n    \u003cSingleLogoutService Binding=\"urn:oasis:names:tc:SAML:2.0:bindings:HTTP-Redirect\" Location=\"https://voidfiles.auth0.com/samlp/5BZNxrXTdSSw5eCdkPckhMEn1TnRHGmE/logout\"/\u003e\n    \u003cSingleLogoutService Binding=\"urn:oasis:names:tc:SAML:2.0:bindings:HTTP-POST\" Location=\"https://voidfiles.auth0.com/samlp/5BZNxrXTdSSw5eCdkPckhMEn1TnRHGmE/logout\"/\u003e\n    \u003cNameIDFormat\u003eurn:oasis:names:tc:SAML:1.1:nameid-format:emailAddress\u003c/NameIDFormat\u003e\n    \u003cNameIDFormat\u003eurn:oasis:names:tc:SAML:2.0:nameid-format:persistent\u003c/NameIDFormat\u003e\n    \u003cNameIDFormat\u003eurn:oasis:names:tc:SAML:2.0:nameid-format:transient\u003c/NameIDFormat\u003e\n    \u003cSingleSignOnService Binding=\"urn:oasis:names:tc:SAML:2.0:bindings:HTTP-Redirect\" Location=\"https://voidfiles.auth0.com/samlp/5BZNxrXTdSSw5eCdkPckhMEn1TnRHGmE\"/\u003e\n    \u003cSingleSignOnService Binding=\"urn:oasis:names:tc:SAML:2.0:bindings:HTTP-POST\" Location=\"https://voidfiles.auth0.com/samlp/5BZNxrXTdSSw5eCdkPckhMEn1TnRHGmE\"/\u003e\n    \u003cAttribute Name=\"http://schemas.xmlsoap.org/ws/2005/05/identity/claims/emailaddress\" NameFormat=\"urn:oasis:names:tc:SAML:2.0:attrname-format:uri\" FriendlyName=\"E-Mail Address\" xmlns=\"urn:oasis:names:tc:SAML:2.0:assertion\"/\u003e\n    \u003cAttribute Name=\"http://schemas.xmlsoap.org/ws/2005/05/identity/claims/givenname\" NameFormat=\"urn:oasis:names:tc:SAML:2.0:attrname-format:uri\" FriendlyName=\"Given Name\" xmlns=\"urn:oasis:names:tc:SAML:2.0:assertion\"/\u003e\n    \u003cAttribute Name=\"http://schemas.xmlsoap.org/ws/2005/05/identity/claims/name\" NameFormat=\"urn:oasis:names:tc:SAML:2.0:attrname-format:uri\" FriendlyName=\"Name\" xmlns=\"urn:oasis:names:tc:SAML:2.0:assertion\"/\u003e\n    \u003cAttribute Name=\"http://schemas.xmlsoap.org/ws/2005/05/identity/claims/surname\" NameFormat=\"urn:oasis:names:tc:SAML:2.0:attrname-format:uri\" FriendlyName=\"Surname\" xmlns=\"urn:oasis:names:tc:SAML:2.0:assertion\"/\u003e\n    \u003cAttribute Name=\"http://schemas.xmlsoap.org/ws/2005/05/identity/claims/nameidentifier\" NameFormat=\"urn:oasis:names:tc:SAML:2.0:attrname-format:uri\" FriendlyName=\"Name ID\" xmlns=\"urn:oasis:names:tc:SAML:2.0:assertion\"/\u003e\n  \u003c/IDPSSODescriptor\u003e\n\u003c/EntityDescriptor\u003e",
                            "valid_until": "Sun, 01 May 2118 03:02:35 UTC"
                        },
                        "meta": {},
                        "tainted": false
                    },
                    "deposed": [],
                    "provider": "provider.aws.users_root"
                },
                "aws_kms_alias.terraform_encryption_key": {
                    "type": "aws_kms_alias",
                    "depends_on": [
                        "aws_kms_key.terraform_encryption_key"
                    ],
                    "primary": {
                        "id": "alias/terraform-encryption-key",
                        "attributes": {
                            "arn": "arn:aws:kms:us-west-2:813574615989:alias/terraform-encryption-key",
                            "id": "alias/terraform-encryption-key",
                            "name": "alias/terraform-encryption-key",
                            "target_key_arn": "arn:aws:kms:us-west-2:813574615989:key/19affc55-fff3-44bc-b99a-04a4416fc670",
                            "target_key_id": "19affc55-fff3-44bc-b99a-04a4416fc670"
                        },
                        "meta": {},
                        "tainted": false
                    },
                    "deposed": [],
                    "provider": "provider.aws"
                },
                "aws_kms_key.terraform_encryption_key": {
                    "type": "aws_kms_key",
                    "depends_on": [
                        "data.aws_iam_policy_document.key_policy"
                    ],
                    "primary": {
                        "id": "19affc55-fff3-44bc-b99a-04a4416fc670",
                        "attributes": {
                            "arn": "arn:aws:kms:us-west-2:813574615989:key/19affc55-fff3-44bc-b99a-04a4416fc670",
                            "description": "The key for encrypting terraform state in S3",
                            "enable_key_rotation": "false",
                            "id": "19affc55-fff3-44bc-b99a-04a4416fc670",
                            "is_enabled": "true",
                            "key_id": "19affc55-fff3-44bc-b99a-04a4416fc670",
                            "key_usage": "ENCRYPT_DECRYPT",
                            "policy": "{\"Statement\":[{\"Action\":\"kms:*\",\"Effect\":\"Allow\",\"Principal\":{\"AWS\":\"arn:aws:iam::813574615989:root\"},\"Resource\":\"*\",\"Sid\":\"1\"},{\"Action\":[\"kms:Update*\",\"kms:UntagResource\",\"kms:TagResource\",\"kms:Revoke*\",\"kms:Put*\",\"kms:List*\",\"kms:Get*\",\"kms:Enable*\",\"kms:Disable*\",\"kms:Describe*\",\"kms:Delete*\",\"kms:Create*\"],\"Effect\":\"Allow\",\"Principal\":{\"AWS\":[\"arn:aws:iam::662903516389:root\",\"arn:aws:iam::200247690167:root\",\"arn:aws:iam::075487493871:root\"]},\"Resource\":\"*\",\"Sid\":\"2\"},{\"Action\":[\"kms:ReEncrypt*\",\"kms:GenerateDataKey*\",\"kms:Encrypt\",\"kms:DescribeKey\",\"kms:Decrypt\"],\"Effect\":\"Allow\",\"Principal\":{\"AWS\":[\"arn:aws:iam::662903516389:root\",\"arn:aws:iam::200247690167:root\",\"arn:aws:iam::075487493871:root\"]},\"Resource\":\"*\",\"Sid\":\"3\"},{\"Action\":[\"kms:RevokeGrant\",\"kms:ListGrants\",\"kms:CreateGrant\"],\"Condition\":{\"Bool\":{\"kms:GrantIsForAWSResource\":\"true\"}},\"Effect\":\"Allow\",\"Principal\":{\"AWS\":[\"arn:aws:iam::662903516389:root\",\"arn:aws:iam::200247690167:root\",\"arn:aws:iam::075487493871:root\"]},\"Resource\":\"*\",\"Sid\":\"4\"}],\"Version\":\"2012-10-17\"}",
                            "tags.%": "0"
                        },
                        "meta": {},
                        "tainted": false
                    },
                    "deposed": [],
                    "provider": "provider.aws"
                },
                "aws_s3_bucket.terraform_state_bucket": {
                    "type": "aws_s3_bucket",
                    "depends_on": [],
                    "primary": {
                        "id": "state.root.brntgarlic.com",
                        "attributes": {
                            "acceleration_status": "",
                            "acl": "private",
                            "arn": "arn:aws:s3:::state.root.brntgarlic.com",
                            "bucket": "state.root.brntgarlic.com",
                            "bucket_domain_name": "state.root.brntgarlic.com.s3.amazonaws.com",
                            "force_destroy": "false",
                            "hosted_zone_id": "Z3BJ6K6RIION7M",
                            "id": "state.root.brntgarlic.com",
                            "logging.#": "0",
                            "region": "us-west-2",
                            "replication_configuration.#": "0",
                            "request_payer": "BucketOwner",
                            "server_side_encryption_configuration.#": "0",
                            "tags.%": "1",
                            "tags.terraform": "true",
                            "versioning.#": "1",
                            "versioning.0.enabled": "true",
                            "versioning.0.mfa_delete": "false",
                            "website.#": "0"
                        },
                        "meta": {},
                        "tainted": false
                    },
                    "deposed": [],
                    "provider": "provider.aws"
                },
                "aws_s3_bucket_policy.terraform_state_bucket": {
                    "type": "aws_s3_bucket_policy",
                    "depends_on": [
                        "aws_s3_bucket.terraform_state_bucket",
                        "data.aws_iam_policy_document.cross_account_terraform_state_bucket"
                    ],
                    "primary": {
                        "id": "state.root.brntgarlic.com",
                        "attributes": {
                            "bucket": "state.root.brntgarlic.com",
                            "id": "state.root.brntgarlic.com",
                            "policy": "{\"Version\":\"2012-10-17\",\"Statement\":[{\"Sid\":\"cross-account-terraform-state-bucket-root\",\"Effect\":\"Allow\",\"Principal\":{\"AWS\":\"arn:aws:iam::813574615989:root\"},\"Action\":[\"s3:PutObjectTagging\",\"s3:PutObjectAcl\",\"s3:PutObject\",\"s3:ListMultipartUploadParts\",\"s3:ListBucket\",\"s3:GetObjectTagging\",\"s3:GetObjectAcl\",\"s3:GetObject\",\"s3:GetBucketLocation\",\"s3:AbortMultipartUpload\"],\"Resource\":[\"arn:aws:s3:::state.root.brntgarlic.com/root/*\",\"arn:aws:s3:::state.root.brntgarlic.com\"]},{\"Sid\":\"cross-account-terraform-state-bucket-production\",\"Effect\":\"Allow\",\"Principal\":{\"AWS\":[\"arn:aws:iam::813574615989:root\",\"arn:aws:iam::662903516389:root\"]},\"Action\":[\"s3:PutObjectTagging\",\"s3:PutObjectAcl\",\"s3:PutObject\",\"s3:ListMultipartUploadParts\",\"s3:ListBucket\",\"s3:GetObjectTagging\",\"s3:GetObjectAcl\",\"s3:GetObject\",\"s3:GetBucketLocation\",\"s3:AbortMultipartUpload\"],\"Resource\":[\"arn:aws:s3:::state.root.brntgarlic.com/production/*\",\"arn:aws:s3:::state.root.brntgarlic.com\"]},{\"Sid\":\"cross-account-terraform-state-bucket-staging\",\"Effect\":\"Allow\",\"Principal\":{\"AWS\":[\"arn:aws:iam::813574615989:root\",\"arn:aws:iam::200247690167:root\"]},\"Action\":[\"s3:PutObjectTagging\",\"s3:PutObjectAcl\",\"s3:PutObject\",\"s3:ListMultipartUploadParts\",\"s3:ListBucket\",\"s3:GetObjectTagging\",\"s3:GetObjectAcl\",\"s3:GetObject\",\"s3:GetBucketLocation\",\"s3:AbortMultipartUpload\"],\"Resource\":[\"arn:aws:s3:::state.root.brntgarlic.com/staging/*\",\"arn:aws:s3:::state.root.brntgarlic.com\"]},{\"Sid\":\"cross-account-terraform-state-bucket-development\",\"Effect\":\"Allow\",\"Principal\":{\"AWS\":[\"arn:aws:iam::813574615989:root\",\"arn:aws:iam::075487493871:root\"]},\"Action\":[\"s3:PutObjectTagging\",\"s3:PutObjectAcl\",\"s3:PutObject\",\"s3:ListMultipartUploadParts\",\"s3:ListBucket\",\"s3:GetObjectTagging\",\"s3:GetObjectAcl\",\"s3:GetObject\",\"s3:GetBucketLocation\",\"s3:AbortMultipartUpload\"],\"Resource\":[\"arn:aws:s3:::state.root.brntgarlic.com/development/*\",\"arn:aws:s3:::state.root.brntgarlic.com\"]}]}"
                        },
                        "meta": {},
                        "tainted": false
                    },
                    "deposed": [],
                    "provider": "provider.aws"
                },
                "data.aws_iam_policy_document.admin_to_admin": {
                    "type": "aws_iam_policy_document",
                    "depends_on": [
                        "module.development_ou",
                        "module.production_ou",
                        "module.staging_ou"
                    ],
                    "primary": {
                        "id": "799381986",
                        "attributes": {
                            "id": "799381986",
                            "json": "{\n  \"Version\": \"2012-10-17\",\n  \"Statement\": [\n    {\n      \"Sid\": \"\",\n      \"Effect\": \"Allow\",\n      \"Action\": \"sts:AssumeRole\",\n      \"Resource\": [\n        \"arn:aws:iam::662903516389:role/UsersAdminRole\",\n        \"arn:aws:iam::200247690167:role/UsersAdminRole\",\n        \"arn:aws:iam::075487493871:role/UsersAdminRole\"\n      ]\n    },\n    {\n      \"Sid\": \"\",\n      \"Effect\": \"Allow\",\n      \"Action\": [\n        \"iam:UploadSigningCertificate\",\n        \"iam:UploadSSHPublicKey\",\n        \"iam:UpdateSigningCertificate\",\n        \"iam:UpdateSSHPublicKey\",\n        \"iam:UpdateLoginProfile\",\n        \"iam:UpdateAccessKey\",\n        \"iam:ListSigningCertificates\",\n        \"iam:ListSSHPublicKeys\",\n        \"iam:ListAccessKeys\",\n        \"iam:GetSSHPublicKey\",\n        \"iam:GetLoginProfile\",\n        \"iam:DeleteSigningCertificate\",\n        \"iam:DeleteSSHPublicKey\",\n        \"iam:DeleteLoginProfile\",\n        \"iam:DeleteAccessKey\",\n        \"iam:CreateLoginProfile\",\n        \"iam:CreateAccessKey\",\n        \"iam:ChangePassword\"\n      ],\n      \"Resource\": \"arn:aws:iam::133430444242:user/${aws:username}\"\n    }\n  ]\n}",
                            "statement.#": "2",
                            "statement.0.actions.#": "1",
                            "statement.0.actions.2528466339": "sts:AssumeRole",
                            "statement.0.condition.#": "0",
                            "statement.0.effect": "Allow",
                            "statement.0.not_actions.#": "0",
                            "statement.0.not_principals.#": "0",
                            "statement.0.not_resources.#": "0",
                            "statement.0.principals.#": "0",
                            "statement.0.resources.#": "3",
                            "statement.0.resources.1983963044": "arn:aws:iam::200247690167:role/UsersAdminRole",
                            "statement.0.resources.2801277507": "arn:aws:iam::662903516389:role/UsersAdminRole",
                            "statement.0.resources.3035046685": "arn:aws:iam::075487493871:role/UsersAdminRole",
                            "statement.0.sid": "",
                            "statement.1.actions.#": "18",
                            "statement.1.actions.1652403802": "iam:UpdateAccessKey",
                            "statement.1.actions.2309969211": "iam:DeleteLoginProfile",
                            "statement.1.actions.2501445683": "iam:UpdateSSHPublicKey",
                            "statement.1.actions.2848034183": "iam:DeleteSSHPublicKey",
                            "statement.1.actions.2861772230": "iam:UploadSigningCertificate",
                            "statement.1.actions.2922861617": "iam:DeleteAccessKey",
                            "statement.1.actions.3029208218": "iam:ListSigningCertificates",
                            "statement.1.actions.3044528271": "iam:UpdateLoginProfile",
                            "statement.1.actions.3110171060": "iam:UploadSSHPublicKey",
                            "statement.1.actions.3113959510": "iam:CreateLoginProfile",
                            "statement.1.actions.3198753384": "iam:ListSSHPublicKeys",
                            "statement.1.actions.3258498287": "iam:UpdateSigningCertificate",
                            "statement.1.actions.3279852097": "iam:ListAccessKeys",
                            "statement.1.actions.3405168396": "iam:ChangePassword",
                            "statement.1.actions.3623887571": "iam:GetSSHPublicKey",
                            "statement.1.actions.3796019655": "iam:CreateAccessKey",
                            "statement.1.actions.4109656044": "iam:DeleteSigningCertificate",
                            "statement.1.actions.4168022639": "iam:GetLoginProfile",
                            "statement.1.condition.#": "0",
                            "statement.1.effect": "Allow",
                            "statement.1.not_actions.#": "0",
                            "statement.1.not_principals.#": "0",
                            "statement.1.not_resources.#": "0",
                            "statement.1.principals.#": "0",
                            "statement.1.resources.#": "1",
                            "statement.1.resources.442628211": "arn:aws:iam::133430444242:user/${aws:username}",
                            "statement.1.sid": ""
                        },
                        "meta": {},
                        "tainted": false
                    },
                    "deposed": [],
                    "provider": "provider.aws"
                },
                "data.aws_iam_policy_document.cross_account_terraform_state_bucket": {
                    "type": "aws_iam_policy_document",
                    "depends_on": [
                        "aws_s3_bucket.terraform_state_bucket"
                    ],
                    "primary": {
                        "id": "3926925792",
                        "attributes": {
                            "id": "3926925792",
                            "json": "{\n  \"Version\": \"2012-10-17\",\n  \"Statement\": [\n    {\n      \"Sid\": \"cross-account-terraform-state-bucket-root\",\n      \"Effect\": \"Allow\",\n      \"Action\": [\n        \"s3:PutObjectTagging\",\n        \"s3:PutObjectAcl\",\n        \"s3:PutObject\",\n        \"s3:ListMultipartUploadParts\",\n        \"s3:ListBucket\",\n        \"s3:GetObjectTagging\",\n        \"s3:GetObjectAcl\",\n        \"s3:GetObject\",\n        \"s3:GetBucketLocation\",\n        \"s3:AbortMultipartUpload\"\n      ],\n      \"Resource\": [\n        \"arn:aws:s3:::state.root.brntgarlic.com/root/*\",\n        \"arn:aws:s3:::state.root.brntgarlic.com\"\n      ],\n      \"Principal\": {\n        \"AWS\": \"arn:aws:iam::813574615989:root\"\n      }\n    },\n    {\n      \"Sid\": \"cross-account-terraform-state-bucket-production\",\n      \"Effect\": \"Allow\",\n      \"Action\": [\n        \"s3:PutObjectTagging\",\n        \"s3:PutObjectAcl\",\n        \"s3:PutObject\",\n        \"s3:ListMultipartUploadParts\",\n        \"s3:ListBucket\",\n        \"s3:GetObjectTagging\",\n        \"s3:GetObjectAcl\",\n        \"s3:GetObject\",\n        \"s3:GetBucketLocation\",\n        \"s3:AbortMultipartUpload\"\n      ],\n      \"Resource\": [\n        \"arn:aws:s3:::state.root.brntgarlic.com/production/*\",\n        \"arn:aws:s3:::state.root.brntgarlic.com\"\n      ],\n      \"Principal\": {\n        \"AWS\": [\n          \"arn:aws:iam::813574615989:root\",\n          \"arn:aws:iam::662903516389:root\"\n        ]\n      }\n    },\n    {\n      \"Sid\": \"cross-account-terraform-state-bucket-staging\",\n      \"Effect\": \"Allow\",\n      \"Action\": [\n        \"s3:PutObjectTagging\",\n        \"s3:PutObjectAcl\",\n        \"s3:PutObject\",\n        \"s3:ListMultipartUploadParts\",\n        \"s3:ListBucket\",\n        \"s3:GetObjectTagging\",\n        \"s3:GetObjectAcl\",\n        \"s3:GetObject\",\n        \"s3:GetBucketLocation\",\n        \"s3:AbortMultipartUpload\"\n      ],\n      \"Resource\": [\n        \"arn:aws:s3:::state.root.brntgarlic.com/staging/*\",\n        \"arn:aws:s3:::state.root.brntgarlic.com\"\n      ],\n      \"Principal\": {\n        \"AWS\": [\n          \"arn:aws:iam::813574615989:root\",\n          \"arn:aws:iam::200247690167:root\"\n        ]\n      }\n    },\n    {\n      \"Sid\": \"cross-account-terraform-state-bucket-development\",\n      \"Effect\": \"Allow\",\n      \"Action\": [\n        \"s3:PutObjectTagging\",\n        \"s3:PutObjectAcl\",\n        \"s3:PutObject\",\n        \"s3:ListMultipartUploadParts\",\n        \"s3:ListBucket\",\n        \"s3:GetObjectTagging\",\n        \"s3:GetObjectAcl\",\n        \"s3:GetObject\",\n        \"s3:GetBucketLocation\",\n        \"s3:AbortMultipartUpload\"\n      ],\n      \"Resource\": [\n        \"arn:aws:s3:::state.root.brntgarlic.com/development/*\",\n        \"arn:aws:s3:::state.root.brntgarlic.com\"\n      ],\n      \"Principal\": {\n        \"AWS\": [\n          \"arn:aws:iam::813574615989:root\",\n          \"arn:aws:iam::075487493871:root\"\n        ]\n      }\n    }\n  ]\n}",
                            "statement.#": "4",
                            "statement.0.actions.#": "10",
                            "statement.0.actions.1400860598": "s3:PutObjectAcl",
                            "statement.0.actions.2059880976": "s3:GetObjectTagging",
                            "statement.0.actions.2071725391": "s3:GetObject",
                            "statement.0.actions.2517836488": "s3:GetObjectAcl",
                            "statement.0.actions.2656303931": "s3:ListMultipartUploadParts",
                            "statement.0.actions.2871235000": "s3:PutObjectTagging",
                            "statement.0.actions.315547055": "s3:PutObject",
                            "statement.0.actions.329996733": "s3:AbortMultipartUpload",
                            "statement.0.actions.3948445924": "s3:GetBucketLocation",
                            "statement.0.actions.486976917": "s3:ListBucket",
                            "statement.0.condition.#": "0",
                            "statement.0.effect": "Allow",
                            "statement.0.not_actions.#": "0",
                            "statement.0.not_principals.#": "0",
                            "statement.0.not_resources.#": "0",
                            "statement.0.principals.#": "1",
                            "statement.0.principals.40437116.identifiers.#": "1",
                            "statement.0.principals.40437116.identifiers.493973954": "arn:aws:iam::813574615989:root",
                            "statement.0.principals.40437116.type": "AWS",
                            "statement.0.resources.#": "2",
                            "statement.0.resources.1372580508": "arn:aws:s3:::state.root.brntgarlic.com",
                            "statement.0.resources.1925536965": "arn:aws:s3:::state.root.brntgarlic.com/root/*",
                            "statement.0.sid": "cross-account-terraform-state-bucket-root",
                            "statement.1.actions.#": "10",
                            "statement.1.actions.1400860598": "s3:PutObjectAcl",
                            "statement.1.actions.2059880976": "s3:GetObjectTagging",
                            "statement.1.actions.2071725391": "s3:GetObject",
                            "statement.1.actions.2517836488": "s3:GetObjectAcl",
                            "statement.1.actions.2656303931": "s3:ListMultipartUploadParts",
                            "statement.1.actions.2871235000": "s3:PutObjectTagging",
                            "statement.1.actions.315547055": "s3:PutObject",
                            "statement.1.actions.329996733": "s3:AbortMultipartUpload",
                            "statement.1.actions.3948445924": "s3:GetBucketLocation",
                            "statement.1.actions.486976917": "s3:ListBucket",
                            "statement.1.condition.#": "0",
                            "statement.1.effect": "Allow",
                            "statement.1.not_actions.#": "0",
                            "statement.1.not_principals.#": "0",
                            "statement.1.not_resources.#": "0",
                            "statement.1.principals.#": "1",
                            "statement.1.principals.338349745.identifiers.#": "2",
                            "statement.1.principals.338349745.identifiers.3731515520": "arn:aws:iam::662903516389:root",
                            "statement.1.principals.338349745.identifiers.493973954": "arn:aws:iam::813574615989:root",
                            "statement.1.principals.338349745.type": "AWS",
                            "statement.1.resources.#": "2",
                            "statement.1.resources.1372580508": "arn:aws:s3:::state.root.brntgarlic.com",
                            "statement.1.resources.2942008196": "arn:aws:s3:::state.root.brntgarlic.com/production/*",
                            "statement.1.sid": "cross-account-terraform-state-bucket-production",
                            "statement.2.actions.#": "10",
                            "statement.2.actions.1400860598": "s3:PutObjectAcl",
                            "statement.2.actions.2059880976": "s3:GetObjectTagging",
                            "statement.2.actions.2071725391": "s3:GetObject",
                            "statement.2.actions.2517836488": "s3:GetObjectAcl",
                            "statement.2.actions.2656303931": "s3:ListMultipartUploadParts",
                            "statement.2.actions.2871235000": "s3:PutObjectTagging",
                            "statement.2.actions.315547055": "s3:PutObject",
                            "statement.2.actions.329996733": "s3:AbortMultipartUpload",
                            "statement.2.actions.3948445924": "s3:GetBucketLocation",
                            "statement.2.actions.486976917": "s3:ListBucket",
                            "statement.2.condition.#": "0",
                            "statement.2.effect": "Allow",
                            "statement.2.not_actions.#": "0",
                            "statement.2.not_principals.#": "0",
                            "statement.2.not_resources.#": "0",
                            "statement.2.principals.#": "1",
                            "statement.2.principals.1610809818.identifiers.#": "2",
                            "statement.2.principals.1610809818.identifiers.1505193093": "arn:aws:iam::200247690167:root",
                            "statement.2.principals.1610809818.identifiers.493973954": "arn:aws:iam::813574615989:root",
                            "statement.2.principals.1610809818.type": "AWS",
                            "statement.2.resources.#": "2",
                            "statement.2.resources.1372580508": "arn:aws:s3:::state.root.brntgarlic.com",
                            "statement.2.resources.253102444": "arn:aws:s3:::state.root.brntgarlic.com/staging/*",
                            "statement.2.sid": "cross-account-terraform-state-bucket-staging",
                            "statement.3.actions.#": "10",
                            "statement.3.actions.1400860598": "s3:PutObjectAcl",
                            "statement.3.actions.2059880976": "s3:GetObjectTagging",
                            "statement.3.actions.2071725391": "s3:GetObject",
                            "statement.3.actions.2517836488": "s3:GetObjectAcl",
                            "statement.3.actions.2656303931": "s3:ListMultipartUploadParts",
                            "statement.3.actions.2871235000": "s3:PutObjectTagging",
                            "statement.3.actions.315547055": "s3:PutObject",
                            "statement.3.actions.329996733": "s3:AbortMultipartUpload",
                            "statement.3.actions.3948445924": "s3:GetBucketLocation",
                            "statement.3.actions.486976917": "s3:ListBucket",
                            "statement.3.condition.#": "0",
                            "statement.3.effect": "Allow",
                            "statement.3.not_actions.#": "0",
                            "statement.3.not_principals.#": "0",
                            "statement.3.not_resources.#": "0",
                            "statement.3.principals.#": "1",
                            "statement.3.principals.495574557.identifiers.#": "2",
                            "statement.3.principals.495574557.identifiers.175261159": "arn:aws:iam::075487493871:root",
                            "statement.3.principals.495574557.identifiers.493973954": "arn:aws:iam::813574615989:root",
                            "statement.3.principals.495574557.type": "AWS",
                            "statement.3.resources.#": "2",
                            "statement.3.resources.1372580508": "arn:aws:s3:::state.root.brntgarlic.com",
                            "statement.3.resources.3391699026": "arn:aws:s3:::state.root.brntgarlic.com/development/*",
                            "statement.3.sid": "cross-account-terraform-state-bucket-development"
                        },
                        "meta": {},
                        "tainted": false
                    },
                    "deposed": [],
                    "provider": "provider.aws"
                },
                "data.aws_iam_policy_document.key_policy": {
                    "type": "aws_iam_policy_document",
                    "depends_on": [],
                    "primary": {
                        "id": "3389463804",
                        "attributes": {
                            "id": "3389463804",
                            "json": "{\n  \"Version\": \"2012-10-17\",\n  \"Statement\": [\n    {\n      \"Sid\": \"1\",\n      \"Effect\": \"Allow\",\n      \"Action\": \"kms:*\",\n      \"Resource\": \"*\",\n      \"Principal\": {\n        \"AWS\": \"arn:aws:iam::813574615989:root\"\n      }\n    },\n    {\n      \"Sid\": \"2\",\n      \"Effect\": \"Allow\",\n      \"Action\": [\n        \"kms:Update*\",\n        \"kms:UntagResource\",\n        \"kms:TagResource\",\n        \"kms:Revoke*\",\n        \"kms:Put*\",\n        \"kms:List*\",\n        \"kms:Get*\",\n        \"kms:Enable*\",\n        \"kms:Disable*\",\n        \"kms:Describe*\",\n        \"kms:Delete*\",\n        \"kms:Create*\"\n      ],\n      \"Resource\": \"*\",\n      \"Principal\": {\n        \"AWS\": [\n          \"arn:aws:iam::662903516389:root\",\n          \"arn:aws:iam::200247690167:root\",\n          \"arn:aws:iam::075487493871:root\"\n        ]\n      }\n    },\n    {\n      \"Sid\": \"3\",\n      \"Effect\": \"Allow\",\n      \"Action\": [\n        \"kms:ReEncrypt*\",\n        \"kms:GenerateDataKey*\",\n        \"kms:Encrypt\",\n        \"kms:DescribeKey\",\n        \"kms:Decrypt\"\n      ],\n      \"Resource\": \"*\",\n      \"Principal\": {\n        \"AWS\": [\n          \"arn:aws:iam::662903516389:root\",\n          \"arn:aws:iam::200247690167:root\",\n          \"arn:aws:iam::075487493871:root\"\n        ]\n      }\n    },\n    {\n      \"Sid\": \"4\",\n      \"Effect\": \"Allow\",\n      \"Action\": [\n        \"kms:RevokeGrant\",\n        \"kms:ListGrants\",\n        \"kms:CreateGrant\"\n      ],\n      \"Resource\": \"*\",\n      \"Principal\": {\n        \"AWS\": [\n          \"arn:aws:iam::662903516389:root\",\n          \"arn:aws:iam::200247690167:root\",\n          \"arn:aws:iam::075487493871:root\"\n        ]\n      },\n      \"Condition\": {\n        \"Bool\": {\n          \"kms:GrantIsForAWSResource\": \"true\"\n        }\n      }\n    }\n  ]\n}",
                            "statement.#": "4",
                            "statement.0.actions.#": "1",
                            "statement.0.actions.1011197950": "kms:*",
                            "statement.0.condition.#": "0",
                            "statement.0.effect": "Allow",
                            "statement.0.not_actions.#": "0",
                            "statement.0.not_principals.#": "0",
                            "statement.0.not_resources.#": "0",
                            "statement.0.principals.#": "1",
                            "statement.0.principals.40437116.identifiers.#": "1",
                            "statement.0.principals.40437116.identifiers.493973954": "arn:aws:iam::813574615989:root",
                            "statement.0.principals.40437116.type": "AWS",
                            "statement.0.resources.#": "1",
                            "statement.0.resources.2679715827": "*",
                            "statement.0.sid": "1",
                            "statement.1.actions.#": "12",
                            "statement.1.actions.1268481685": "kms:Create*",
                            "statement.1.actions.1372039348": "kms:List*",
                            "statement.1.actions.137313852": "kms:Describe*",
                            "statement.1.actions.1610823208": "kms:Get*",
                            "statement.1.actions.1616080934": "kms:UntagResource",
                            "statement.1.actions.1679214110": "kms:Enable*",
                            "statement.1.actions.1811637501": "kms:Revoke*",
                            "statement.1.actions.2911667381": "kms:Update*",
                            "statement.1.actions.3805948453": "kms:Put*",
                            "statement.1.actions.405722905": "kms:Disable*",
                            "statement.1.actions.4105979028": "kms:TagResource",
                            "statement.1.actions.833102532": "kms:Delete*",
                            "statement.1.condition.#": "0",
                            "statement.1.effect": "Allow",
                            "statement.1.not_actions.#": "0",
                            "statement.1.not_principals.#": "0",
                            "statement.1.not_resources.#": "0",
                            "statement.1.principals.#": "1",
                            "statement.1.principals.3438055654.identifiers.#": "3",
                            "statement.1.principals.3438055654.identifiers.1505193093": "arn:aws:iam::200247690167:root",
                            "statement.1.principals.3438055654.identifiers.175261159": "arn:aws:iam::075487493871:root",
                            "statement.1.principals.3438055654.identifiers.3731515520": "arn:aws:iam::662903516389:root",
                            "statement.1.principals.3438055654.type": "AWS",
                            "statement.1.resources.#": "1",
                            "statement.1.resources.2679715827": "*",
                            "statement.1.sid": "2",
                            "statement.2.actions.#": "5",
                            "statement.2.actions.1493550787": "kms:DescribeKey",
                            "statement.2.actions.271337083": "kms:Encrypt",
                            "statement.2.actions.3733000735": "kms:Decrypt",
                            "statement.2.actions.565687207": "kms:ReEncrypt*",
                            "statement.2.actions.886236925": "kms:GenerateDataKey*",
                            "statement.2.condition.#": "0",
                            "statement.2.effect": "Allow",
                            "statement.2.not_actions.#": "0",
                            "statement.2.not_principals.#": "0",
                            "statement.2.not_resources.#": "0",
                            "statement.2.principals.#": "1",
                            "statement.2.principals.3438055654.identifiers.#": "3",
                            "statement.2.principals.3438055654.identifiers.1505193093": "arn:aws:iam::200247690167:root",
                            "statement.2.principals.3438055654.identifiers.175261159": "arn:aws:iam::075487493871:root",
                            "statement.2.principals.3438055654.identifiers.3731515520": "arn:aws:iam::662903516389:root",
                            "statement.2.principals.3438055654.type": "AWS",
                            "statement.2.resources.#": "1",
                            "statement.2.resources.2679715827": "*",
                            "statement.2.sid": "3",
                            "statement.3.actions.#": "3",
                            "statement.3.actions.1544308031": "kms:CreateGrant",
                            "statement.3.actions.3347459874": "kms:ListGrants",
                            "statement.3.actions.3988584218": "kms:RevokeGrant",
                            "statement.3.condition.#": "1",
                            "statement.3.condition.2809964246.test": "Bool",
                            "statement.3.condition.2809964246.values.#": "1",
                            "statement.3.condition.2809964246.values.4043113848": "true",
                            "statement.3.condition.2809964246.variable": "kms:GrantIsForAWSResource",
                            "statement.3.effect": "Allow",
                            "statement.3.not_actions.#": "0",
                            "statement.3.not_principals.#": "0",
                            "statement.3.not_resources.#": "0",
                            "statement.3.principals.#": "1",
                            "statement.3.principals.3438055654.identifiers.#": "3",
                            "statement.3.principals.3438055654.identifiers.1505193093": "arn:aws:iam::200247690167:root",
                            "statement.3.principals.3438055654.identifiers.175261159": "arn:aws:iam::075487493871:root",
                            "statement.3.principals.3438055654.identifiers.3731515520": "arn:aws:iam::662903516389:root",
                            "statement.3.principals.3438055654.type": "AWS",
                            "statement.3.resources.#": "1",
                            "statement.3.resources.2679715827": "*",
                            "statement.3.sid": "4"
                        },
                        "meta": {},
                        "tainted": false
                    },
                    "deposed": [],
                    "provider": "provider.aws"
                }
            },
            "depends_on": []
        },
        {
            "path": [
                "root",
                "development_ou"
            ],
            "outputs": {
                "admin_role_arn": {
                    "sensitive": false,
                    "type": "string",
                    "value": "arn:aws:iam::075487493871:role/UsersAdminRole"
                }
            },
            "resources": {
                "aws_iam_role.users_admin_role": {
                    "type": "aws_iam_role",
                    "depends_on": [],
                    "primary": {
                        "id": "UsersAdminRole",
                        "attributes": {
                            "arn": "arn:aws:iam::075487493871:role/UsersAdminRole",
                            "assume_role_policy": "{\"Version\":\"2012-10-17\",\"Statement\":[{\"Effect\":\"Allow\",\"Principal\":{\"AWS\":\"arn:aws:iam::133430444242:root\"},\"Action\":\"sts:AssumeRole\"}]}",
                            "create_date": "2018-04-29T04:31:46Z",
                            "description": "This role allows you to administer everything in this account",
                            "force_detach_policies": "false",
                            "id": "UsersAdminRole",
                            "max_session_duration": "10800",
                            "name": "UsersAdminRole",
                            "path": "/",
                            "unique_id": "AROAJ46J6YW7PTMPJ5QUO"
                        },
                        "meta": {},
                        "tainted": false
                    },
                    "deposed": [],
                    "provider": "provider.aws.development_root"
                },
                "aws_iam_role_policy_attachment.users_admin_role_attach": {
                    "type": "aws_iam_role_policy_attachment",
                    "depends_on": [
                        "aws_iam_role.users_admin_role"
                    ],
                    "primary": {
                        "id": "UsersAdminRole-20180501015124111600000002",
                        "attributes": {
                            "id": "UsersAdminRole-20180501015124111600000002",
                            "policy_arn": "arn:aws:iam::aws:policy/AdministratorAccess",
                            "role": "UsersAdminRole"
                        },
                        "meta": {},
                        "tainted": false
                    },
                    "deposed": [],
                    "provider": "provider.aws.development_root"
                }
            },
            "depends_on": []
        },
        {
            "path": [
                "root",
                "production_ou"
            ],
            "outputs": {
                "admin_role_arn": {
                    "sensitive": false,
                    "type": "string",
                    "value": "arn:aws:iam::662903516389:role/UsersAdminRole"
                }
            },
            "resources": {
                "aws_iam_role.users_admin_role": {
                    "type": "aws_iam_role",
                    "depends_on": [],
                    "primary": {
                        "id": "UsersAdminRole",
                        "attributes": {
                            "arn": "arn:aws:iam::662903516389:role/UsersAdminRole",
                            "assume_role_policy": "{\"Version\":\"2012-10-17\",\"Statement\":[{\"Effect\":\"Allow\",\"Principal\":{\"AWS\":\"arn:aws:iam::133430444242:root\"},\"Action\":\"sts:AssumeRole\"}]}",
                            "create_date": "2018-04-29T04:31:48Z",
                            "description": "This role allows you to administer everything in this account",
                            "force_detach_policies": "false",
                            "id": "UsersAdminRole",
                            "max_session_duration": "10800",
                            "name": "UsersAdminRole",
                            "path": "/",
                            "unique_id": "AROAIAS2L2QMIBGRK4N4U"
                        },
                        "meta": {},
                        "tainted": false
                    },
                    "deposed": [],
                    "provider": "provider.aws.production_root"
                },
                "aws_iam_role_policy_attachment.users_admin_role_attach": {
                    "type": "aws_iam_role_policy_attachment",
                    "depends_on": [
                        "aws_iam_role.users_admin_role"
                    ],
                    "primary": {
                        "id": "UsersAdminRole-20180501015124115800000003",
                        "attributes": {
                            "id": "UsersAdminRole-20180501015124115800000003",
                            "policy_arn": "arn:aws:iam::aws:policy/AdministratorAccess",
                            "role": "UsersAdminRole"
                        },
                        "meta": {},
                        "tainted": false
                    },
                    "deposed": [],
                    "provider": "provider.aws.production_root"
                }
            },
            "depends_on": []
        },
        {
            "path": [
                "root",
                "staging_ou"
            ],
            "outputs": {
                "admin_role_arn": {
                    "sensitive": false,
                    "type": "string",
                    "value": "arn:aws:iam::200247690167:role/UsersAdminRole"
                }
            },
            "resources": {
                "aws_iam_role.users_admin_role": {
                    "type": "aws_iam_role",
                    "depends_on": [],
                    "primary": {
                        "id": "UsersAdminRole",
                        "attributes": {
                            "arn": "arn:aws:iam::200247690167:role/UsersAdminRole",
                            "assume_role_policy": "{\"Version\":\"2012-10-17\",\"Statement\":[{\"Effect\":\"Allow\",\"Principal\":{\"AWS\":\"arn:aws:iam::133430444242:root\"},\"Action\":\"sts:AssumeRole\"}]}",
                            "create_date": "2018-04-29T04:31:47Z",
                            "description": "This role allows you to administer everything in this account",
                            "force_detach_policies": "false",
                            "id": "UsersAdminRole",
                            "max_session_duration": "10800",
                            "name": "UsersAdminRole",
                            "path": "/",
                            "unique_id": "AROAJHCB74VGBMLNBOY2K"
                        },
                        "meta": {},
                        "tainted": false
                    },
                    "deposed": [],
                    "provider": "provider.aws.staging_root"
                },
                "aws_iam_role_policy_attachment.users_admin_role_attach": {
                    "type": "aws_iam_role_policy_attachment",
                    "depends_on": [
                        "aws_iam_role.users_admin_role"
                    ],
                    "primary": {
                        "id": "UsersAdminRole-20180501015124098500000001",
                        "attributes": {
                            "id": "UsersAdminRole-20180501015124098500000001",
                            "policy_arn": "arn:aws:iam::aws:policy/AdministratorAccess",
                            "role": "UsersAdminRole"
                        },
                        "meta": {},
                        "tainted": false
                    },
                    "deposed": [],
                    "provider": "provider.aws.staging_root"
                }
            },
            "depends_on": []
        }
    ]
}
